
Microsoft Visual Studio Solution File, Format Version 12.00
# Visual Studio Version 17
VisualStudioVersion = 17.9.34902.65
MinimumVisualStudioVersion = 10.0.40219.1
Project("{FAE04EC0-301F-11D3-BF4B-00C04F79EFBC}") = "Movable", "Movable\Movable.csproj", "{882128E6-5DC1-4156-BC5E-CF97C9909939}"
EndProject
Global
	GlobalSection(SolutionConfigurationPlatforms) = preSolution
		Debug|Any CPU = Debug|Any CPU
		Release|Any CPU = Release|Any CPU
	EndGlobalSection
	GlobalSection(ProjectConfigurationPlatforms) = postSolution
		{882128E6-5DC1-4156-BC5E-CF97C9909939}.Debug|Any CPU.ActiveCfg = Debug|Any CPU
		{882128E6-5DC1-4156-BC5E-CF97C9909939}.Debug|Any CPU.Build.0 = Debug|Any CPU
		{882128E6-5DC1-4156-BC5E-CF97C9909939}.Release|Any CPU.ActiveCfg = Release|Any CPU
		{882128E6-5DC1-4156-BC5E-CF97C9909939}.Release|Any CPU.Build.0 = Release|Any CPU
	EndGlobalSection
	GlobalSection(SolutionProperties) = preSolution
		HideSolutionNode = FALSE
	EndGlobalSection
	GlobalSection(ExtensibilityGlobals) = postSolution
		SolutionGuid = {C64A72E4-C14A-4D0E-AB17-D1DD7E66A5B4}
	EndGlobalSection
EndGlobal
