
Microsoft Visual Studio Solution File, Format Version 12.00
# Visual Studio Version 17
VisualStudioVersion = 17.9.34902.65
MinimumVisualStudioVersion = 10.0.40219.1
Project("{FAE04EC0-301F-11D3-BF4B-00C04F79EFBC}") = "Shape", "Shape\Shape.csproj", "{66357D63-35CC-4165-A738-C5ECB18F2187}"
EndProject
Global
	GlobalSection(SolutionConfigurationPlatforms) = preSolution
		Debug|Any CPU = Debug|Any CPU
		Release|Any CPU = Release|Any CPU
	EndGlobalSection
	GlobalSection(ProjectConfigurationPlatforms) = postSolution
		{66357D63-35CC-4165-A738-C5ECB18F2187}.Debug|Any CPU.ActiveCfg = Debug|Any CPU
		{66357D63-35CC-4165-A738-C5ECB18F2187}.Debug|Any CPU.Build.0 = Debug|Any CPU
		{66357D63-35CC-4165-A738-C5ECB18F2187}.Release|Any CPU.ActiveCfg = Release|Any CPU
		{66357D63-35CC-4165-A738-C5ECB18F2187}.Release|Any CPU.Build.0 = Release|Any CPU
	EndGlobalSection
	GlobalSection(SolutionProperties) = preSolution
		HideSolutionNode = FALSE
	EndGlobalSection
	GlobalSection(ExtensibilityGlobals) = postSolution
		SolutionGuid = {5E4C8234-A105-4189-B6E2-2EF73AED6D8E}
	EndGlobalSection
EndGlobal
